
Microsoft Visual Studio Solution File, Format Version 12.00
# Visual Studio 14
VisualStudioVersion = 14.0.23107.0
MinimumVisualStudioVersion = 10.0.40219.1
Project("{FAE04EC0-301F-11D3-BF4B-00C04F79EFBC}") = "Dalek", "Dalek\Dalek.csproj", "{47E6A10B-C2B3-4E34-8EE4-19F0ABF12299}"
EndProject
Global
	GlobalSection(SolutionConfigurationPlatforms) = preSolution
		Debug|Any CPU = Debug|Any CPU
		Release|Any CPU = Release|Any CPU
	EndGlobalSection
	GlobalSection(ProjectConfigurationPlatforms) = postSolution
		{47E6A10B-C2B3-4E34-8EE4-19F0ABF12299}.Debug|Any CPU.ActiveCfg = Debug|Any CPU
		{47E6A10B-C2B3-4E34-8EE4-19F0ABF12299}.Debug|Any CPU.Build.0 = Debug|Any CPU
		{47E6A10B-C2B3-4E34-8EE4-19F0ABF12299}.Release|Any CPU.ActiveCfg = Release|Any CPU
		{47E6A10B-C2B3-4E34-8EE4-19F0ABF12299}.Release|Any CPU.Build.0 = Release|Any CPU
	EndGlobalSection
	GlobalSection(SolutionProperties) = preSolution
		HideSolutionNode = FALSE
	EndGlobalSection
EndGlobal
